// !$*UTF8*$!
{
	archiveVersion = 1;
	classes = {
	};
	objectVersion = 46;
	objects = {

/* Begin PBXBuildFile section */
		7F3B62311AAEDEC7007198AB /* main.m in Sources */ = {isa = PBXBuildFile; fileRef = 7F3B62301AAEDEC7007198AB /* main.m */; };
		7F3B62341AAEDEC7007198AB /* AppDelegate.m in Sources */ = {isa = PBXBuildFile; fileRef = 7F3B62331AAEDEC7007198AB /* AppDelegate.m */; };
		7F3B62371AAEDEC7007198AB /* ViewController.m in Sources */ = {isa = PBXBuildFile; fileRef = 7F3B62361AAEDEC7007198AB /* ViewController.m */; };
		7F3B623A1AAEDEC7007198AB /* Main.storyboard in Resources */ = {isa = PBXBuildFile; fileRef = 7F3B62381AAEDEC7007198AB /* Main.storyboard */; };
		7F3B623C1AAEDEC7007198AB /* Images.xcassets in Resources */ = {isa = PBXBuildFile; fileRef = 7F3B623B1AAEDEC7007198AB /* Images.xcassets */; };
		7F3B623F1AAEDEC7007198AB /* LaunchScreen.xib in Resources */ = {isa = PBXBuildFile; fileRef = 7F3B623D1AAEDEC7007198AB /* LaunchScreen.xib */; };
		7F3B625B1AAF090B007198AB /* __ALPREFIX__Logger.m in Sources */ = {isa = PBXBuildFile; fileRef = 7F3B625A1AAF090B007198AB /* __ALPREFIX__Logger.m */; };
/* End PBXBuildFile section */

/* Begin PBXFileReference section */
		7F3B622B1AAEDEC7007198AB /* AdditionalLoggerDemo.app */ = {isa = PBXFileReference; explicitFileType = wrapper.application; includeInIndex = 0; path = AdditionalLoggerDemo.app; sourceTree = BUILT_PRODUCTS_DIR; };
		7F3B622F1AAEDEC7007198AB /* Info.plist */ = {isa = PBXFileReference; lastKnownFileType = text.plist.xml; path = Info.plist; sourceTree = "<group>"; };
		7F3B62301AAEDEC7007198AB /* main.m */ = {isa = PBXFileReference; lastKnownFileType = sourcecode.c.objc; path = main.m; sourceTree = "<group>"; };
		7F3B62321AAEDEC7007198AB /* AppDelegate.h */ = {isa = PBXFileReference; lastKnownFileType = sourcecode.c.h; path = AppDelegate.h; sourceTree = "<group>"; };
		7F3B62331AAEDEC7007198AB /* AppDelegate.m */ = {isa = PBXFileReference; lastKnownFileType = sourcecode.c.objc; path = AppDelegate.m; sourceTree = "<group>"; };
		7F3B62351AAEDEC7007198AB /* ViewController.h */ = {isa = PBXFileReference; lastKnownFileType = sourcecode.c.h; path = ViewController.h; sourceTree = "<group>"; };
		7F3B62361AAEDEC7007198AB /* ViewController.m */ = {isa = PBXFileReference; lastKnownFileType = sourcecode.c.objc; path = ViewController.m; sourceTree = "<group>"; };
		7F3B62391AAEDEC7007198AB /* Base */ = {isa = PBXFileReference; lastKnownFileType = file.storyboard; name = Base; path = Base.lproj/Main.storyboard; sourceTree = "<group>"; };
		7F3B623B1AAEDEC7007198AB /* Images.xcassets */ = {isa = PBXFileReference; lastKnownFileType = folder.assetcatalog; path = Images.xcassets; sourceTree = "<group>"; };
		7F3B623E1AAEDEC7007198AB /* Base */ = {isa = PBXFileReference; lastKnownFileType = file.xib; name = Base; path = Base.lproj/LaunchScreen.xib; sourceTree = "<group>"; };
		7F3B62591AAF090B007198AB /* __ALPREFIX__Logger.h */ = {isa = PBXFileReference; fileEncoding = 4; lastKnownFileType = sourcecode.c.h; path = __ALPREFIX__Logger.h; sourceTree = "<group>"; };
		7F3B625A1AAF090B007198AB /* __ALPREFIX__Logger.m */ = {isa = PBXFileReference; fileEncoding = 4; lastKnownFileType = sourcecode.c.objc; path = __ALPREFIX__Logger.m; sourceTree = "<group>"; };
/* End PBXFileReference section */

/* Begin PBXFrameworksBuildPhase section */
		7F3B62281AAEDEC7007198AB /* Frameworks */ = {
			isa = PBXFrameworksBuildPhase;
			buildActionMask = 2147483647;
			files = (
			);
			runOnlyForDeploymentPostprocessing = 0;
		};
/* End PBXFrameworksBuildPhase section */

/* Begin PBXGroup section */
		7F3B62221AAEDEC7007198AB = {
			isa = PBXGroup;
			children = (
				7F3B622D1AAEDEC7007198AB /* AdditionalLogger */,
				7F3B622C1AAEDEC7007198AB /* Products */,
			);
			sourceTree = "<group>";
		};
		7F3B622C1AAEDEC7007198AB /* Products */ = {
			isa = PBXGroup;
			children = (
				7F3B622B1AAEDEC7007198AB /* AdditionalLoggerDemo.app */,
			);
			name = Products;
			sourceTree = "<group>";
		};
		7F3B622D1AAEDEC7007198AB /* AdditionalLogger */ = {
			isa = PBXGroup;
			children = (
				7F3B62581AAF090B007198AB /* objc_src */,
				7F3B62321AAEDEC7007198AB /* AppDelegate.h */,
				7F3B62331AAEDEC7007198AB /* AppDelegate.m */,
				7F3B62351AAEDEC7007198AB /* ViewController.h */,
				7F3B62361AAEDEC7007198AB /* ViewController.m */,
				7F3B62381AAEDEC7007198AB /* Main.storyboard */,
				7F3B623B1AAEDEC7007198AB /* Images.xcassets */,
				7F3B623D1AAEDEC7007198AB /* LaunchScreen.xib */,
				7F3B622E1AAEDEC7007198AB /* Supporting Files */,
			);
			path = AdditionalLogger;
			sourceTree = "<group>";
		};
		7F3B622E1AAEDEC7007198AB /* Supporting Files */ = {
			isa = PBXGroup;
			children = (
				7F3B622F1AAEDEC7007198AB /* Info.plist */,
				7F3B62301AAEDEC7007198AB /* main.m */,
			);
			name = "Supporting Files";
			sourceTree = "<group>";
		};
		7F3B62581AAF090B007198AB /* objc_src */ = {
			isa = PBXGroup;
			children = (
				7F3B62591AAF090B007198AB /* __ALPREFIX__Logger.h */,
				7F3B625A1AAF090B007198AB /* __ALPREFIX__Logger.m */,
			);
			name = objc_src;
			path = ../../objc_src;
			sourceTree = "<group>";
		};
/* End PBXGroup section */

/* Begin PBXNativeTarget section */
		7F3B622A1AAEDEC7007198AB /* AdditionalLoggerDemo */ = {
			isa = PBXNativeTarget;
			buildConfigurationList = 7F3B624E1AAEDEC7007198AB /* Build configuration list for PBXNativeTarget "AdditionalLoggerDemo" */;
			buildPhases = (
				7F3B62271AAEDEC7007198AB /* Sources */,
				7F3B62281AAEDEC7007198AB /* Frameworks */,
				7F3B62291AAEDEC7007198AB /* Resources */,
			);
			buildRules = (
			);
			dependencies = (
			);
			name = AdditionalLoggerDemo;
			productName = AdditionalLogger;
			productReference = 7F3B622B1AAEDEC7007198AB /* AdditionalLoggerDemo.app */;
			productType = "com.apple.product-type.application";
		};
/* End PBXNativeTarget section */

/* Begin PBXProject section */
		7F3B62231AAEDEC7007198AB /* Project object */ = {
			isa = PBXProject;
			attributes = {
				LastUpgradeCheck = 0620;
				ORGANIZATIONNAME = oldman;
				TargetAttributes = {
					7F3B622A1AAEDEC7007198AB = {
						CreatedOnToolsVersion = 6.2;
					};
				};
			};
			buildConfigurationList = 7F3B62261AAEDEC7007198AB /* Build configuration list for PBXProject "AdditionalLoggerDemo" */;
			compatibilityVersion = "Xcode 3.2";
			developmentRegion = English;
			hasScannedForEncodings = 0;
			knownRegions = (
				en,
				Base,
			);
			mainGroup = 7F3B62221AAEDEC7007198AB;
			productRefGroup = 7F3B622C1AAEDEC7007198AB /* Products */;
			projectDirPath = "";
			projectRoot = "";
			targets = (
				7F3B622A1AAEDEC7007198AB /* AdditionalLoggerDemo */,
			);
		};
/* End PBXProject section */

/* Begin PBXResourcesBuildPhase section */
		7F3B62291AAEDEC7007198AB /* Resources */ = {
			isa = PBXResourcesBuildPhase;
			buildActionMask = 2147483647;
			files = (
				7F3B623A1AAEDEC7007198AB /* Main.storyboard in Resources */,
				7F3B623F1AAEDEC7007198AB /* LaunchScreen.xib in Resources */,
				7F3B623C1AAEDEC7007198AB /* Images.xcassets in Resources */,
			);
			runOnlyForDeploymentPostprocessing = 0;
		};
/* End PBXResourcesBuildPhase section */

/* Begin PBXSourcesBuildPhase section */
		7F3B62271AAEDEC7007198AB /* Sources */ = {
			isa = PBXSourcesBuildPhase;
			buildActionMask = 2147483647;
			files = (
				7F3B62371AAEDEC7007198AB /* ViewController.m in Sources */,
				7F3B62341AAEDEC7007198AB /* AppDelegate.m in Sources */,
				7F3B625B1AAF090B007198AB /* __ALPREFIX__Logger.m in Sources */,
				7F3B62311AAEDEC7007198AB /* main.m in Sources */,
			);
			runOnlyForDeploymentPostprocessing = 0;
		};
/* End PBXSourcesBuildPhase section */

/* Begin PBXVariantGroup section */
		7F3B62381AAEDEC7007198AB /* Main.storyboard */ = {
			isa = PBXVariantGroup;
			children = (
				7F3B62391AAEDEC7007198AB /* Base */,
			);
			name = Main.storyboard;
			sourceTree = "<group>";
		};
		7F3B623D1AAEDEC7007198AB /* LaunchScreen.xib */ = {
			isa = PBXVariantGroup;
			children = (
				7F3B623E1AAEDEC7007198AB /* Base */,
			);
			name = LaunchScreen.xib;
			sourceTree = "<group>";
		};
/* End PBXVariantGroup section */

/* Begin XCBuildConfiguration section */
		7F3B624C1AAEDEC7007198AB /* Debug */ = {
			isa = XCBuildConfiguration;
			buildSettings = {
				ALWAYS_SEARCH_USER_PATHS = NO;
				CLANG_CXX_LANGUAGE_STANDARD = "gnu++0x";
				CLANG_CXX_LIBRARY = "libc++";
				CLANG_ENABLE_MODULES = YES;
				CLANG_ENABLE_OBJC_ARC = YES;
				CLANG_WARN_BOOL_CONVERSION = YES;
				CLANG_WARN_CONSTANT_CONVERSION = YES;
				CLANG_WARN_DIRECT_OBJC_ISA_USAGE = YES_ERROR;
				CLANG_WARN_EMPTY_BODY = YES;
				CLANG_WARN_ENUM_CONVERSION = YES;
				CLANG_WARN_INT_CONVERSION = YES;
				CLANG_WARN_OBJC_ROOT_CLASS = YES_ERROR;
				CLANG_WARN_UNREACHABLE_CODE = YES;
				CLANG_WARN__DUPLICATE_METHOD_MATCH = YES;
				"CODE_SIGN_IDENTITY[sdk=iphoneos*]" = "iPhone Developer";
				COPY_PHASE_STRIP = NO;
				ENABLE_STRICT_OBJC_MSGSEND = YES;
				GCC_C_LANGUAGE_STANDARD = gnu99;
				GCC_DYNAMIC_NO_PIC = NO;
				GCC_OPTIMIZATION_LEVEL = 0;
				GCC_PREPROCESSOR_DEFINITIONS = (
					"DEBUG=1",
					"$(inherited)",
				);
				GCC_SYMBOLS_PRIVATE_EXTERN = NO;
				GCC_WARN_64_TO_32_BIT_CONVERSION = YES;
				GCC_WARN_ABOUT_RETURN_TYPE = YES_ERROR;
				GCC_WARN_UNDECLARED_SELECTOR = YES;
				GCC_WARN_UNINITIALIZED_AUTOS = YES_AGGRESSIVE;
				GCC_WARN_UNUSED_FUNCTION = YES;
				GCC_WARN_UNUSED_VARIABLE = YES;
				IPHONEOS_DEPLOYMENT_TARGET = 8.2;
				MTL_ENABLE_DEBUG_INFO = YES;
				ONLY_ACTIVE_ARCH = YES;
				SDKROOT = iphoneos;
			};
			name = Debug;
		};
		7F3B624D1AAEDEC7007198AB /* Release */ = {
			isa = XCBuildConfiguration;
			buildSettings = {
				ALWAYS_SEARCH_USER_PATHS = NO;
				CLANG_CXX_LANGUAGE_STANDARD = "gnu++0x";
				CLANG_CXX_LIBRARY = "libc++";
				CLANG_ENABLE_MODULES = YES;
				CLANG_ENABLE_OBJC_ARC = YES;
				CLANG_WARN_BOOL_CONVERSION = YES;
				CLANG_WARN_CONSTANT_CONVERSION = YES;
				CLANG_WARN_DIRECT_OBJC_ISA_USAGE = YES_ERROR;
				CLANG_WARN_EMPTY_BODY = YES;
				CLANG_WARN_ENUM_CONVERSION = YES;
				CLANG_WARN_INT_CONVERSION = YES;
				CLANG_WARN_OBJC_ROOT_CLASS = YES_ERROR;
				CLANG_WARN_UNREACHABLE_CODE = YES;
				CLANG_WARN__DUPLICATE_METHOD_MATCH = YES;
				"CODE_SIGN_IDENTITY[sdk=iphoneos*]" = "iPhone Developer";
				COPY_PHASE_STRIP = NO;
				ENABLE_NS_ASSERTIONS = NO;
				ENABLE_STRICT_OBJC_MSGSEND = YES;
				GCC_C_LANGUAGE_STANDARD = gnu99;
				GCC_WARN_64_TO_32_BIT_CONVERSION = YES;
				GCC_WARN_ABOUT_RETURN_TYPE = YES_ERROR;
				GCC_WARN_UNDECLARED_SELECTOR = YES;
				GCC_WARN_UNINITIALIZED_AUTOS = YES_AGGRESSIVE;
				GCC_WARN_UNUSED_FUNCTION = YES;
				GCC_WARN_UNUSED_VARIABLE = YES;
				IPHONEOS_DEPLOYMENT_TARGET = 8.2;
				MTL_ENABLE_DEBUG_INFO = NO;
				SDKROOT = iphoneos;
				VALIDATE_PRODUCT = YES;
			};
			name = Release;
		};
		7F3B624F1AAEDEC7007198AB /* Debug */ = {
			isa = XCBuildConfiguration;
			buildSettings = {
				ASSETCATALOG_COMPILER_APPICON_NAME = AppIcon;
				INFOPLIST_FILE = AdditionalLogger/Info.plist;
				LD_RUNPATH_SEARCH_PATHS = "$(inherited) @executable_path/Frameworks";
				PRODUCT_NAME = AdditionalLoggerDemo;
			};
			name = Debug;
		};
		7F3B62501AAEDEC7007198AB /* Release */ = {
			isa = XCBuildConfiguration;
			buildSettings = {
				ASSETCATALOG_COMPILER_APPICON_NAME = AppIcon;
				INFOPLIST_FILE = AdditionalLogger/Info.plist;
				LD_RUNPATH_SEARCH_PATHS = "$(inherited) @executable_path/Frameworks";
				PRODUCT_NAME = AdditionalLoggerDemo;
			};
			name = Release;
		};
/* End XCBuildConfiguration section */

/* Begin XCConfigurationList section */
		7F3B62261AAEDEC7007198AB /* Build configuration list for PBXProject "AdditionalLoggerDemo" */ = {
			isa = XCConfigurationList;
			buildConfigurations = (
				7F3B624C1AAEDEC7007198AB /* Debug */,
				7F3B624D1AAEDEC7007198AB /* Release */,
			);
			defaultConfigurationIsVisible = 0;
			defaultConfigurationName = Release;
		};
		7F3B624E1AAEDEC7007198AB /* Build configuration list for PBXNativeTarget "AdditionalLoggerDemo" */ = {
			isa = XCConfigurationList;
			buildConfigurations = (
				7F3B624F1AAEDEC7007198AB /* Debug */,
				7F3B62501AAEDEC7007198AB /* Release */,
			);
			defaultConfigurationIsVisible = 0;
			defaultConfigurationName = Release;
		};
/* End XCConfigurationList section */
	};
	rootObject = 7F3B62231AAEDEC7007198AB /* Project object */;
}
